
Microsoft Visual Studio Solution File, Format Version 12.00
# Visual Studio Version 17
VisualStudioVersion = 17.3.32929.385
MinimumVisualStudioVersion = 10.0.40219.1
Project("{9A19103F-16F7-4668-BE54-9A1E7A4F7556}") = "GymScheduler.UI", "GymScheduler.UI\GymScheduler.UI.csproj", "{8E871591-4575-4A2A-AE1C-DAC558CB592A}"
EndProject
Project("{FAE04EC0-301F-11D3-BF4B-00C04F79EFBC}") = "GymScheduler.Application", "GymScheduler.Application\GymScheduler.Application.csproj", "{DE1ECD90-1B4E-4AF4-BEB1-DB4CC088D7F0}"
EndProject
Project("{FAE04EC0-301F-11D3-BF4B-00C04F79EFBC}") = "GymScheduler.Events.Client", "GymScheduler.Events.Client\GymScheduler.Events.Client.csproj", "{30B90DB7-002A-4FCB-9527-884E7B162F0B}"
EndProject
Project("{FAE04EC0-301F-11D3-BF4B-00C04F79EFBC}") = "GymScheduler.Domain", "GymScheduler.Domain\GymScheduler.Domain.csproj", "{C36505EC-8839-4162-A389-9E228AC3A33D}"
EndProject
Global
	GlobalSection(SolutionConfigurationPlatforms) = preSolution
		Debug|Any CPU = Debug|Any CPU
		Release|Any CPU = Release|Any CPU
	EndGlobalSection
	GlobalSection(ProjectConfigurationPlatforms) = postSolution
		{8E871591-4575-4A2A-AE1C-DAC558CB592A}.Debug|Any CPU.ActiveCfg = Debug|Any CPU
		{8E871591-4575-4A2A-AE1C-DAC558CB592A}.Debug|Any CPU.Build.0 = Debug|Any CPU
		{8E871591-4575-4A2A-AE1C-DAC558CB592A}.Release|Any CPU.ActiveCfg = Release|Any CPU
		{8E871591-4575-4A2A-AE1C-DAC558CB592A}.Release|Any CPU.Build.0 = Release|Any CPU
		{DE1ECD90-1B4E-4AF4-BEB1-DB4CC088D7F0}.Debug|Any CPU.ActiveCfg = Debug|Any CPU
		{DE1ECD90-1B4E-4AF4-BEB1-DB4CC088D7F0}.Debug|Any CPU.Build.0 = Debug|Any CPU
		{DE1ECD90-1B4E-4AF4-BEB1-DB4CC088D7F0}.Release|Any CPU.ActiveCfg = Release|Any CPU
		{DE1ECD90-1B4E-4AF4-BEB1-DB4CC088D7F0}.Release|Any CPU.Build.0 = Release|Any CPU
		{30B90DB7-002A-4FCB-9527-884E7B162F0B}.Debug|Any CPU.ActiveCfg = Debug|Any CPU
		{30B90DB7-002A-4FCB-9527-884E7B162F0B}.Debug|Any CPU.Build.0 = Debug|Any CPU
		{30B90DB7-002A-4FCB-9527-884E7B162F0B}.Release|Any CPU.ActiveCfg = Release|Any CPU
		{30B90DB7-002A-4FCB-9527-884E7B162F0B}.Release|Any CPU.Build.0 = Release|Any CPU
		{C36505EC-8839-4162-A389-9E228AC3A33D}.Debug|Any CPU.ActiveCfg = Debug|Any CPU
		{C36505EC-8839-4162-A389-9E228AC3A33D}.Debug|Any CPU.Build.0 = Debug|Any CPU
		{C36505EC-8839-4162-A389-9E228AC3A33D}.Release|Any CPU.ActiveCfg = Release|Any CPU
		{C36505EC-8839-4162-A389-9E228AC3A33D}.Release|Any CPU.Build.0 = Release|Any CPU
	EndGlobalSection
	GlobalSection(SolutionProperties) = preSolution
		HideSolutionNode = FALSE
	EndGlobalSection
	GlobalSection(ExtensibilityGlobals) = postSolution
		SolutionGuid = {E24D12B8-5EEA-42F3-A0D9-D173AAF5C65C}
	EndGlobalSection
EndGlobal
